// !$*UTF8*$!
{
	archiveVersion = 1;
	classes = {
	};
	objectVersion = 48;
	objects = {

/* Begin PBXBuildFile section */
		3F80016E205B5585003725F3 /* AppDelegate.m in Sources */ = {isa = PBXBuildFile; fileRef = 3F80016D205B5585003725F3 /* AppDelegate.m */; };
		3F800171205B5585003725F3 /* ViewController.m in Sources */ = {isa = PBXBuildFile; fileRef = 3F800170205B5585003725F3 /* ViewController.m */; };
		3F800174205B5585003725F3 /* Main.storyboard in Resources */ = {isa = PBXBuildFile; fileRef = 3F800172205B5585003725F3 /* Main.storyboard */; };
		3F800176205B5585003725F3 /* Assets.xcassets in Resources */ = {isa = PBXBuildFile; fileRef = 3F800175205B5585003725F3 /* Assets.xcassets */; };
		3F800179205B5585003725F3 /* LaunchScreen.storyboard in Resources */ = {isa = PBXBuildFile; fileRef = 3F800177205B5585003725F3 /* LaunchScreen.storyboard */; };
		3F80017C205B5586003725F3 /* main.m in Sources */ = {isa = PBXBuildFile; fileRef = 3F80017B205B5586003725F3 /* main.m */; };
		3F800186205B5586003725F3 /* A_CategoryTests.m in Sources */ = {isa = PBXBuildFile; fileRef = 3F800185205B5586003725F3 /* A_CategoryTests.m */; };
		3F800191205B5586003725F3 /* A_CategoryUITests.m in Sources */ = {isa = PBXBuildFile; fileRef = 3F800190205B5586003725F3 /* A_CategoryUITests.m */; };
		3F8001A8205B652E003725F3 /* CTMediator+A.m in Sources */ = {isa = PBXBuildFile; fileRef = 3F8001A7205B652E003725F3 /* CTMediator+A.m */; };
		D5B55265B3DC46EC34A80697 /* libPods-A_Category.a in Frameworks */ = {isa = PBXBuildFile; fileRef = 8F8507FCA19F4FDB0447EFA7 /* libPods-A_Category.a */; };
/* End PBXBuildFile section */

/* Begin PBXContainerItemProxy section */
		3F800182205B5586003725F3 /* PBXContainerItemProxy */ = {
			isa = PBXContainerItemProxy;
			containerPortal = 3F800161205B5585003725F3 /* Project object */;
			proxyType = 1;
			remoteGlobalIDString = 3F800168205B5585003725F3;
			remoteInfo = A_Category;
		};
		3F80018D205B5586003725F3 /* PBXContainerItemProxy */ = {
			isa = PBXContainerItemProxy;
			containerPortal = 3F800161205B5585003725F3 /* Project object */;
			proxyType = 1;
			remoteGlobalIDString = 3F800168205B5585003725F3;
			remoteInfo = A_Category;
		};
/* End PBXContainerItemProxy section */

/* Begin PBXFileReference section */
		133CF8151A8512E0F6B0716C /* Pods-A_Category.debug.xcconfig */ = {isa = PBXFileReference; includeInIndex = 1; lastKnownFileType = text.xcconfig; name = "Pods-A_Category.debug.xcconfig"; path = "Pods/Target Support Files/Pods-A_Category/Pods-A_Category.debug.xcconfig"; sourceTree = "<group>"; };
		3F800169205B5585003725F3 /* A_Category.app */ = {isa = PBXFileReference; explicitFileType = wrapper.application; includeInIndex = 0; path = A_Category.app; sourceTree = BUILT_PRODUCTS_DIR; };
		3F80016C205B5585003725F3 /* AppDelegate.h */ = {isa = PBXFileReference; lastKnownFileType = sourcecode.c.h; path = AppDelegate.h; sourceTree = "<group>"; };
		3F80016D205B5585003725F3 /* AppDelegate.m */ = {isa = PBXFileReference; lastKnownFileType = sourcecode.c.objc; path = AppDelegate.m; sourceTree = "<group>"; };
		3F80016F205B5585003725F3 /* ViewController.h */ = {isa = PBXFileReference; lastKnownFileType = sourcecode.c.h; path = ViewController.h; sourceTree = "<group>"; };
		3F800170205B5585003725F3 /* ViewController.m */ = {isa = PBXFileReference; lastKnownFileType = sourcecode.c.objc; path = ViewController.m; sourceTree = "<group>"; };
		3F800173205B5585003725F3 /* Base */ = {isa = PBXFileReference; lastKnownFileType = file.storyboard; name = Base; path = Base.lproj/Main.storyboard; sourceTree = "<group>"; };
		3F800175205B5585003725F3 /* Assets.xcassets */ = {isa = PBXFileReference; lastKnownFileType = folder.assetcatalog; path = Assets.xcassets; sourceTree = "<group>"; };
		3F800178205B5585003725F3 /* Base */ = {isa = PBXFileReference; lastKnownFileType = file.storyboard; name = Base; path = Base.lproj/LaunchScreen.storyboard; sourceTree = "<group>"; };
		3F80017A205B5585003725F3 /* Info.plist */ = {isa = PBXFileReference; lastKnownFileType = text.plist.xml; path = Info.plist; sourceTree = "<group>"; };
		3F80017B205B5586003725F3 /* main.m */ = {isa = PBXFileReference; lastKnownFileType = sourcecode.c.objc; path = main.m; sourceTree = "<group>"; };
		3F800181205B5586003725F3 /* A_CategoryTests.xctest */ = {isa = PBXFileReference; explicitFileType = wrapper.cfbundle; includeInIndex = 0; path = A_CategoryTests.xctest; sourceTree = BUILT_PRODUCTS_DIR; };
		3F800185205B5586003725F3 /* A_CategoryTests.m */ = {isa = PBXFileReference; lastKnownFileType = sourcecode.c.objc; path = A_CategoryTests.m; sourceTree = "<group>"; };
		3F800187205B5586003725F3 /* Info.plist */ = {isa = PBXFileReference; lastKnownFileType = text.plist.xml; path = Info.plist; sourceTree = "<group>"; };
		3F80018C205B5586003725F3 /* A_CategoryUITests.xctest */ = {isa = PBXFileReference; explicitFileType = wrapper.cfbundle; includeInIndex = 0; path = A_CategoryUITests.xctest; sourceTree = BUILT_PRODUCTS_DIR; };
		3F800190205B5586003725F3 /* A_CategoryUITests.m */ = {isa = PBXFileReference; lastKnownFileType = sourcecode.c.objc; path = A_CategoryUITests.m; sourceTree = "<group>"; };
		3F800192205B5586003725F3 /* Info.plist */ = {isa = PBXFileReference; lastKnownFileType = text.plist.xml; path = Info.plist; sourceTree = "<group>"; };
		3F8001A6205B652E003725F3 /* CTMediator+A.h */ = {isa = PBXFileReference; fileEncoding = 4; lastKnownFileType = sourcecode.c.h; path = "CTMediator+A.h"; sourceTree = "<group>"; };
		3F8001A7205B652E003725F3 /* CTMediator+A.m */ = {isa = PBXFileReference; fileEncoding = 4; lastKnownFileType = sourcecode.c.objc; path = "CTMediator+A.m"; sourceTree = "<group>"; };
		7D74B90C61C05CA635B49D86 /* Pods-A_Category.release.xcconfig */ = {isa = PBXFileReference; includeInIndex = 1; lastKnownFileType = text.xcconfig; name = "Pods-A_Category.release.xcconfig"; path = "Pods/Target Support Files/Pods-A_Category/Pods-A_Category.release.xcconfig"; sourceTree = "<group>"; };
		8F8507FCA19F4FDB0447EFA7 /* libPods-A_Category.a */ = {isa = PBXFileReference; explicitFileType = archive.ar; includeInIndex = 0; path = "libPods-A_Category.a"; sourceTree = BUILT_PRODUCTS_DIR; };
/* End PBXFileReference section */

/* Begin PBXFrameworksBuildPhase section */
		3F800166205B5585003725F3 /* Frameworks */ = {
			isa = PBXFrameworksBuildPhase;
			buildActionMask = 2147483647;
			files = (
				D5B55265B3DC46EC34A80697 /* libPods-A_Category.a in Frameworks */,
			);
			runOnlyForDeploymentPostprocessing = 0;
		};
		3F80017E205B5586003725F3 /* Frameworks */ = {
			isa = PBXFrameworksBuildPhase;
			buildActionMask = 2147483647;
			files = (
			);
			runOnlyForDeploymentPostprocessing = 0;
		};
		3F800189205B5586003725F3 /* Frameworks */ = {
			isa = PBXFrameworksBuildPhase;
			buildActionMask = 2147483647;
			files = (
			);
			runOnlyForDeploymentPostprocessing = 0;
		};
/* End PBXFrameworksBuildPhase section */

/* Begin PBXGroup section */
		3F800160205B5585003725F3 = {
			isa = PBXGroup;
			children = (
				3F80016B205B5585003725F3 /* A_Category */,
				3F800184205B5586003725F3 /* A_CategoryTests */,
				3F80018F205B5586003725F3 /* A_CategoryUITests */,
				3F80016A205B5585003725F3 /* Products */,
				AB628B76E1F72784968DF270 /* Pods */,
				9067A6A35676A2A3FCB17122 /* Frameworks */,
			);
			sourceTree = "<group>";
		};
		3F80016A205B5585003725F3 /* Products */ = {
			isa = PBXGroup;
			children = (
				3F800169205B5585003725F3 /* A_Category.app */,
				3F800181205B5586003725F3 /* A_CategoryTests.xctest */,
				3F80018C205B5586003725F3 /* A_CategoryUITests.xctest */,
			);
			name = Products;
			sourceTree = "<group>";
		};
		3F80016B205B5585003725F3 /* A_Category */ = {
			isa = PBXGroup;
			children = (
				3F8001A5205B652E003725F3 /* A_Category */,
				3F80016C205B5585003725F3 /* AppDelegate.h */,
				3F80016D205B5585003725F3 /* AppDelegate.m */,
				3F80016F205B5585003725F3 /* ViewController.h */,
				3F800170205B5585003725F3 /* ViewController.m */,
				3F800172205B5585003725F3 /* Main.storyboard */,
				3F800175205B5585003725F3 /* Assets.xcassets */,
				3F800177205B5585003725F3 /* LaunchScreen.storyboard */,
				3F80017A205B5585003725F3 /* Info.plist */,
				3F80017B205B5586003725F3 /* main.m */,
			);
			path = A_Category;
			sourceTree = "<group>";
		};
		3F800184205B5586003725F3 /* A_CategoryTests */ = {
			isa = PBXGroup;
			children = (
				3F800185205B5586003725F3 /* A_CategoryTests.m */,
				3F800187205B5586003725F3 /* Info.plist */,
			);
			path = A_CategoryTests;
			sourceTree = "<group>";
		};
		3F80018F205B5586003725F3 /* A_CategoryUITests */ = {
			isa = PBXGroup;
			children = (
				3F800190205B5586003725F3 /* A_CategoryUITests.m */,
				3F800192205B5586003725F3 /* Info.plist */,
			);
			path = A_CategoryUITests;
			sourceTree = "<group>";
		};
		3F8001A5205B652E003725F3 /* A_Category */ = {
			isa = PBXGroup;
			children = (
				3F8001A6205B652E003725F3 /* CTMediator+A.h */,
				3F8001A7205B652E003725F3 /* CTMediator+A.m */,
			);
			path = A_Category;
			sourceTree = "<group>";
		};
		9067A6A35676A2A3FCB17122 /* Frameworks */ = {
			isa = PBXGroup;
			children = (
				8F8507FCA19F4FDB0447EFA7 /* libPods-A_Category.a */,
			);
			name = Frameworks;
			sourceTree = "<group>";
		};
		AB628B76E1F72784968DF270 /* Pods */ = {
			isa = PBXGroup;
			children = (
				133CF8151A8512E0F6B0716C /* Pods-A_Category.debug.xcconfig */,
				7D74B90C61C05CA635B49D86 /* Pods-A_Category.release.xcconfig */,
			);
			name = Pods;
			sourceTree = "<group>";
		};
/* End PBXGroup section */

/* Begin PBXNativeTarget section */
		3F800168205B5585003725F3 /* A_Category */ = {
			isa = PBXNativeTarget;
			buildConfigurationList = 3F800195205B5586003725F3 /* Build configuration list for PBXNativeTarget "A_Category" */;
			buildPhases = (
				CE8D247648BF0C4BCA3AE4E0 /* [CP] Check Pods Manifest.lock */,
				3F800165205B5585003725F3 /* Sources */,
				3F800166205B5585003725F3 /* Frameworks */,
				3F800167205B5585003725F3 /* Resources */,
				382CFE3294F68CE302E3A664 /* [CP] Embed Pods Frameworks */,
				8C2DDD5D8ECDA7C14483562B /* [CP] Copy Pods Resources */,
			);
			buildRules = (
			);
			dependencies = (
			);
			name = A_Category;
			productName = A_Category;
			productReference = 3F800169205B5585003725F3 /* A_Category.app */;
			productType = "com.apple.product-type.application";
		};
		3F800180205B5586003725F3 /* A_CategoryTests */ = {
			isa = PBXNativeTarget;
			buildConfigurationList = 3F800198205B5586003725F3 /* Build configuration list for PBXNativeTarget "A_CategoryTests" */;
			buildPhases = (
				3F80017D205B5586003725F3 /* Sources */,
				3F80017E205B5586003725F3 /* Frameworks */,
				3F80017F205B5586003725F3 /* Resources */,
			);
			buildRules = (
			);
			dependencies = (
				3F800183205B5586003725F3 /* PBXTargetDependency */,
			);
			name = A_CategoryTests;
			productName = A_CategoryTests;
			productReference = 3F800181205B5586003725F3 /* A_CategoryTests.xctest */;
			productType = "com.apple.product-type.bundle.unit-test";
		};
		3F80018B205B5586003725F3 /* A_CategoryUITests */ = {
			isa = PBXNativeTarget;
			buildConfigurationList = 3F80019B205B5586003725F3 /* Build configuration list for PBXNativeTarget "A_CategoryUITests" */;
			buildPhases = (
				3F800188205B5586003725F3 /* Sources */,
				3F800189205B5586003725F3 /* Frameworks */,
				3F80018A205B5586003725F3 /* Resources */,
			);
			buildRules = (
			);
			dependencies = (
				3F80018E205B5586003725F3 /* PBXTargetDependency */,
			);
			name = A_CategoryUITests;
			productName = A_CategoryUITests;
			productReference = 3F80018C205B5586003725F3 /* A_CategoryUITests.xctest */;
			productType = "com.apple.product-type.bundle.ui-testing";
		};
/* End PBXNativeTarget section */

/* Begin PBXProject section */
		3F800161205B5585003725F3 /* Project object */ = {
			isa = PBXProject;
			attributes = {
				LastUpgradeCheck = 0920;
				ORGANIZATIONNAME = icarbonx;
				TargetAttributes = {
					3F800168205B5585003725F3 = {
						CreatedOnToolsVersion = 9.2;
						ProvisioningStyle = Automatic;
					};
					3F800180205B5586003725F3 = {
						CreatedOnToolsVersion = 9.2;
						ProvisioningStyle = Automatic;
						TestTargetID = 3F800168205B5585003725F3;
					};
					3F80018B205B5586003725F3 = {
						CreatedOnToolsVersion = 9.2;
						ProvisioningStyle = Automatic;
						TestTargetID = 3F800168205B5585003725F3;
					};
				};
			};
			buildConfigurationList = 3F800164205B5585003725F3 /* Build configuration list for PBXProject "A_Category" */;
			compatibilityVersion = "Xcode 8.0";
			developmentRegion = en;
			hasScannedForEncodings = 0;
			knownRegions = (
				en,
				Base,
			);
			mainGroup = 3F800160205B5585003725F3;
			productRefGroup = 3F80016A205B5585003725F3 /* Products */;
			projectDirPath = "";
			projectRoot = "";
			targets = (
				3F800168205B5585003725F3 /* A_Category */,
				3F800180205B5586003725F3 /* A_CategoryTests */,
				3F80018B205B5586003725F3 /* A_CategoryUITests */,
			);
		};
/* End PBXProject section */

/* Begin PBXResourcesBuildPhase section */
		3F800167205B5585003725F3 /* Resources */ = {
			isa = PBXResourcesBuildPhase;
			buildActionMask = 2147483647;
			files = (
				3F800179205B5585003725F3 /* LaunchScreen.storyboard in Resources */,
				3F800176205B5585003725F3 /* Assets.xcassets in Resources */,
				3F800174205B5585003725F3 /* Main.storyboard in Resources */,
			);
			runOnlyForDeploymentPostprocessing = 0;
		};
		3F80017F205B5586003725F3 /* Resources */ = {
			isa = PBXResourcesBuildPhase;
			buildActionMask = 2147483647;
			files = (
			);
			runOnlyForDeploymentPostprocessing = 0;
		};
		3F80018A205B5586003725F3 /* Resources */ = {
			isa = PBXResourcesBuildPhase;
			buildActionMask = 2147483647;
			files = (
			);
			runOnlyForDeploymentPostprocessing = 0;
		};
/* End PBXResourcesBuildPhase section */

/* Begin PBXShellScriptBuildPhase section */
		382CFE3294F68CE302E3A664 /* [CP] Embed Pods Frameworks */ = {
			isa = PBXShellScriptBuildPhase;
			buildActionMask = 2147483647;
			files = (
			);
			inputPaths = (
			);
			name = "[CP] Embed Pods Frameworks";
			outputPaths = (
			);
			runOnlyForDeploymentPostprocessing = 0;
			shellPath = /bin/sh;
			shellScript = "\"${SRCROOT}/Pods/Target Support Files/Pods-A_Category/Pods-A_Category-frameworks.sh\"\n";
			showEnvVarsInLog = 0;
		};
		8C2DDD5D8ECDA7C14483562B /* [CP] Copy Pods Resources */ = {
			isa = PBXShellScriptBuildPhase;
			buildActionMask = 2147483647;
			files = (
			);
			inputPaths = (
			);
			name = "[CP] Copy Pods Resources";
			outputPaths = (
			);
			runOnlyForDeploymentPostprocessing = 0;
			shellPath = /bin/sh;
			shellScript = "\"${SRCROOT}/Pods/Target Support Files/Pods-A_Category/Pods-A_Category-resources.sh\"\n";
			showEnvVarsInLog = 0;
		};
		CE8D247648BF0C4BCA3AE4E0 /* [CP] Check Pods Manifest.lock */ = {
			isa = PBXShellScriptBuildPhase;
			buildActionMask = 2147483647;
			files = (
			);
			inputPaths = (
				"${PODS_PODFILE_DIR_PATH}/Podfile.lock",
				"${PODS_ROOT}/Manifest.lock",
			);
			name = "[CP] Check Pods Manifest.lock";
			outputPaths = (
				"$(DERIVED_FILE_DIR)/Pods-A_Category-checkManifestLockResult.txt",
			);
			runOnlyForDeploymentPostprocessing = 0;
			shellPath = /bin/sh;
			shellScript = "diff \"${PODS_PODFILE_DIR_PATH}/Podfile.lock\" \"${PODS_ROOT}/Manifest.lock\" > /dev/null\nif [ $? != 0 ] ; then\n    # print error to STDERR\n    echo \"error: The sandbox is not in sync with the Podfile.lock. Run 'pod install' or update your CocoaPods installation.\" >&2\n    exit 1\nfi\n# This output is used by Xcode 'outputs' to avoid re-running this script phase.\necho \"SUCCESS\" > \"${SCRIPT_OUTPUT_FILE_0}\"\n";
			showEnvVarsInLog = 0;
		};
/* End PBXShellScriptBuildPhase section */

/* Begin PBXSourcesBuildPhase section */
		3F800165205B5585003725F3 /* Sources */ = {
			isa = PBXSourcesBuildPhase;
			buildActionMask = 2147483647;
			files = (
				3F800171205B5585003725F3 /* ViewController.m in Sources */,
				3F8001A8205B652E003725F3 /* CTMediator+A.m in Sources */,
				3F80017C205B5586003725F3 /* main.m in Sources */,
				3F80016E205B5585003725F3 /* AppDelegate.m in Sources */,
			);
			runOnlyForDeploymentPostprocessing = 0;
		};
		3F80017D205B5586003725F3 /* Sources */ = {
			isa = PBXSourcesBuildPhase;
			buildActionMask = 2147483647;
			files = (
				3F800186205B5586003725F3 /* A_CategoryTests.m in Sources */,
			);
			runOnlyForDeploymentPostprocessing = 0;
		};
		3F800188205B5586003725F3 /* Sources */ = {
			isa = PBXSourcesBuildPhase;
			buildActionMask = 2147483647;
			files = (
				3F800191205B5586003725F3 /* A_CategoryUITests.m in Sources */,
			);
			runOnlyForDeploymentPostprocessing = 0;
		};
/* End PBXSourcesBuildPhase section */

/* Begin PBXTargetDependency section */
		3F800183205B5586003725F3 /* PBXTargetDependency */ = {
			isa = PBXTargetDependency;
			target = 3F800168205B5585003725F3 /* A_Category */;
			targetProxy = 3F800182205B5586003725F3 /* PBXContainerItemProxy */;
		};
		3F80018E205B5586003725F3 /* PBXTargetDependency */ = {
			isa = PBXTargetDependency;
			target = 3F800168205B5585003725F3 /* A_Category */;
			targetProxy = 3F80018D205B5586003725F3 /* PBXContainerItemProxy */;
		};
/* End PBXTargetDependency section */

/* Begin PBXVariantGroup section */
		3F800172205B5585003725F3 /* Main.storyboard */ = {
			isa = PBXVariantGroup;
			children = (
				3F800173205B5585003725F3 /* Base */,
			);
			name = Main.storyboard;
			sourceTree = "<group>";
		};
		3F800177205B5585003725F3 /* LaunchScreen.storyboard */ = {
			isa = PBXVariantGroup;
			children = (
				3F800178205B5585003725F3 /* Base */,
			);
			name = LaunchScreen.storyboard;
			sourceTree = "<group>";
		};
/* End PBXVariantGroup section */

/* Begin XCBuildConfiguration section */
		3F800193205B5586003725F3 /* Debug */ = {
			isa = XCBuildConfiguration;
			buildSettings = {
				ALWAYS_SEARCH_USER_PATHS = NO;
				CLANG_ANALYZER_NONNULL = YES;
				CLANG_ANALYZER_NUMBER_OBJECT_CONVERSION = YES_AGGRESSIVE;
				CLANG_CXX_LANGUAGE_STANDARD = "gnu++14";
				CLANG_CXX_LIBRARY = "libc++";
				CLANG_ENABLE_MODULES = YES;
				CLANG_ENABLE_OBJC_ARC = YES;
				CLANG_WARN_BLOCK_CAPTURE_AUTORELEASING = YES;
				CLANG_WARN_BOOL_CONVERSION = YES;
				CLANG_WARN_COMMA = YES;
				CLANG_WARN_CONSTANT_CONVERSION = YES;
				CLANG_WARN_DIRECT_OBJC_ISA_USAGE = YES_ERROR;
				CLANG_WARN_DOCUMENTATION_COMMENTS = YES;
				CLANG_WARN_EMPTY_BODY = YES;
				CLANG_WARN_ENUM_CONVERSION = YES;
				CLANG_WARN_INFINITE_RECURSION = YES;
				CLANG_WARN_INT_CONVERSION = YES;
				CLANG_WARN_NON_LITERAL_NULL_CONVERSION = YES;
				CLANG_WARN_OBJC_LITERAL_CONVERSION = YES;
				CLANG_WARN_OBJC_ROOT_CLASS = YES_ERROR;
				CLANG_WARN_RANGE_LOOP_ANALYSIS = YES;
				CLANG_WARN_STRICT_PROTOTYPES = YES;
				CLANG_WARN_SUSPICIOUS_MOVE = YES;
				CLANG_WARN_UNGUARDED_AVAILABILITY = YES_AGGRESSIVE;
				CLANG_WARN_UNREACHABLE_CODE = YES;
				CLANG_WARN__DUPLICATE_METHOD_MATCH = YES;
				CODE_SIGN_IDENTITY = "iPhone Developer";
				COPY_PHASE_STRIP = NO;
				DEBUG_INFORMATION_FORMAT = dwarf;
				ENABLE_STRICT_OBJC_MSGSEND = YES;
				ENABLE_TESTABILITY = YES;
				GCC_C_LANGUAGE_STANDARD = gnu11;
				GCC_DYNAMIC_NO_PIC = NO;
				GCC_NO_COMMON_BLOCKS = YES;
				GCC_OPTIMIZATION_LEVEL = 0;
				GCC_PREPROCESSOR_DEFINITIONS = (
					"DEBUG=1",
					"$(inherited)",
				);
				GCC_WARN_64_TO_32_BIT_CONVERSION = YES;
				GCC_WARN_ABOUT_RETURN_TYPE = YES_ERROR;
				GCC_WARN_UNDECLARED_SELECTOR = YES;
				GCC_WARN_UNINITIALIZED_AUTOS = YES_AGGRESSIVE;
				GCC_WARN_UNUSED_FUNCTION = YES;
				GCC_WARN_UNUSED_VARIABLE = YES;
				IPHONEOS_DEPLOYMENT_TARGET = 11.2;
				MTL_ENABLE_DEBUG_INFO = YES;
				ONLY_ACTIVE_ARCH = YES;
				SDKROOT = iphoneos;
			};
			name = Debug;
		};
		3F800194205B5586003725F3 /* Release */ = {
			isa = XCBuildConfiguration;
			buildSettings = {
				ALWAYS_SEARCH_USER_PATHS = NO;
				CLANG_ANALYZER_NONNULL = YES;
				CLANG_ANALYZER_NUMBER_OBJECT_CONVERSION = YES_AGGRESSIVE;
				CLANG_CXX_LANGUAGE_STANDARD = "gnu++14";
				CLANG_CXX_LIBRARY = "libc++";
				CLANG_ENABLE_MODULES = YES;
				CLANG_ENABLE_OBJC_ARC = YES;
				CLANG_WARN_BLOCK_CAPTURE_AUTORELEASING = YES;
				CLANG_WARN_BOOL_CONVERSION = YES;
				CLANG_WARN_COMMA = YES;
				CLANG_WARN_CONSTANT_CONVERSION = YES;
				CLANG_WARN_DIRECT_OBJC_ISA_USAGE = YES_ERROR;
				CLANG_WARN_DOCUMENTATION_COMMENTS = YES;
				CLANG_WARN_EMPTY_BODY = YES;
				CLANG_WARN_ENUM_CONVERSION = YES;
				CLANG_WARN_INFINITE_RECURSION = YES;
				CLANG_WARN_INT_CONVERSION = YES;
				CLANG_WARN_NON_LITERAL_NULL_CONVERSION = YES;
				CLANG_WARN_OBJC_LITERAL_CONVERSION = YES;
				CLANG_WARN_OBJC_ROOT_CLASS = YES_ERROR;
				CLANG_WARN_RANGE_LOOP_ANALYSIS = YES;
				CLANG_WARN_STRICT_PROTOTYPES = YES;
				CLANG_WARN_SUSPICIOUS_MOVE = YES;
				CLANG_WARN_UNGUARDED_AVAILABILITY = YES_AGGRESSIVE;
				CLANG_WARN_UNREACHABLE_CODE = YES;
				CLANG_WARN__DUPLICATE_METHOD_MATCH = YES;
				CODE_SIGN_IDENTITY = "iPhone Developer";
				COPY_PHASE_STRIP = NO;
				DEBUG_INFORMATION_FORMAT = "dwarf-with-dsym";
				ENABLE_NS_ASSERTIONS = NO;
				ENABLE_STRICT_OBJC_MSGSEND = YES;
				GCC_C_LANGUAGE_STANDARD = gnu11;
				GCC_NO_COMMON_BLOCKS = YES;
				GCC_WARN_64_TO_32_BIT_CONVERSION = YES;
				GCC_WARN_ABOUT_RETURN_TYPE = YES_ERROR;
				GCC_WARN_UNDECLARED_SELECTOR = YES;
				GCC_WARN_UNINITIALIZED_AUTOS = YES_AGGRESSIVE;
				GCC_WARN_UNUSED_FUNCTION = YES;
				GCC_WARN_UNUSED_VARIABLE = YES;
				IPHONEOS_DEPLOYMENT_TARGET = 11.2;
				MTL_ENABLE_DEBUG_INFO = NO;
				SDKROOT = iphoneos;
				VALIDATE_PRODUCT = YES;
			};
			name = Release;
		};
		3F800196205B5586003725F3 /* Debug */ = {
			isa = XCBuildConfiguration;
			baseConfigurationReference = 133CF8151A8512E0F6B0716C /* Pods-A_Category.debug.xcconfig */;
			buildSettings = {
				ASSETCATALOG_COMPILER_APPICON_NAME = AppIcon;
				CODE_SIGN_STYLE = Automatic;
				DEVELOPMENT_TEAM = XJHK7U64V4;
				INFOPLIST_FILE = A_Category/Info.plist;
				LD_RUNPATH_SEARCH_PATHS = "$(inherited) @executable_path/Frameworks";
				PRODUCT_BUNDLE_IDENTIFIER = "com.icarbonx.A-Category";
				PRODUCT_NAME = "$(TARGET_NAME)";
				TARGETED_DEVICE_FAMILY = "1,2";
			};
			name = Debug;
		};
		3F800197205B5586003725F3 /* Release */ = {
			isa = XCBuildConfiguration;
			baseConfigurationReference = 7D74B90C61C05CA635B49D86 /* Pods-A_Category.release.xcconfig */;
			buildSettings = {
				ASSETCATALOG_COMPILER_APPICON_NAME = AppIcon;
				CODE_SIGN_STYLE = Automatic;
				DEVELOPMENT_TEAM = XJHK7U64V4;
				INFOPLIST_FILE = A_Category/Info.plist;
				LD_RUNPATH_SEARCH_PATHS = "$(inherited) @executable_path/Frameworks";
				PRODUCT_BUNDLE_IDENTIFIER = "com.icarbonx.A-Category";
				PRODUCT_NAME = "$(TARGET_NAME)";
				TARGETED_DEVICE_FAMILY = "1,2";
			};
			name = Release;
		};
		3F800199205B5586003725F3 /* Debug */ = {
			isa = XCBuildConfiguration;
			buildSettings = {
				BUNDLE_LOADER = "$(TEST_HOST)";
				CODE_SIGN_STYLE = Automatic;
				DEVELOPMENT_TEAM = XJHK7U64V4;
				INFOPLIST_FILE = A_CategoryTests/Info.plist;
				LD_RUNPATH_SEARCH_PATHS = "$(inherited) @executable_path/Frameworks @loader_path/Frameworks";
				PRODUCT_BUNDLE_IDENTIFIER = "com.icarbonx.A-CategoryTests";
				PRODUCT_NAME = "$(TARGET_NAME)";
				TARGETED_DEVICE_FAMILY = "1,2";
				TEST_HOST = "$(BUILT_PRODUCTS_DIR)/A_Category.app/A_Category";
			};
			name = Debug;
		};
		3F80019A205B5586003725F3 /* Release */ = {
			isa = XCBuildConfiguration;
			buildSettings = {
				BUNDLE_LOADER = "$(TEST_HOST)";
				CODE_SIGN_STYLE = Automatic;
				DEVELOPMENT_TEAM = XJHK7U64V4;
				INFOPLIST_FILE = A_CategoryTests/Info.plist;
				LD_RUNPATH_SEARCH_PATHS = "$(inherited) @executable_path/Frameworks @loader_path/Frameworks";
				PRODUCT_BUNDLE_IDENTIFIER = "com.icarbonx.A-CategoryTests";
				PRODUCT_NAME = "$(TARGET_NAME)";
				TARGETED_DEVICE_FAMILY = "1,2";
				TEST_HOST = "$(BUILT_PRODUCTS_DIR)/A_Category.app/A_Category";
			};
			name = Release;
		};
		3F80019C205B5586003725F3 /* Debug */ = {
			isa = XCBuildConfiguration;
			buildSettings = {
				CODE_SIGN_STYLE = Automatic;
				DEVELOPMENT_TEAM = XJHK7U64V4;
				INFOPLIST_FILE = A_CategoryUITests/Info.plist;
				LD_RUNPATH_SEARCH_PATHS = "$(inherited) @executable_path/Frameworks @loader_path/Frameworks";
				PRODUCT_BUNDLE_IDENTIFIER = "com.icarbonx.A-CategoryUITests";
				PRODUCT_NAME = "$(TARGET_NAME)";
				TARGETED_DEVICE_FAMILY = "1,2";
				TEST_TARGET_NAME = A_Category;
			};
			name = Debug;
		};
		3F80019D205B5586003725F3 /* Release */ = {
			isa = XCBuildConfiguration;
			buildSettings = {
				CODE_SIGN_STYLE = Automatic;
				DEVELOPMENT_TEAM = XJHK7U64V4;
				INFOPLIST_FILE = A_CategoryUITests/Info.plist;
				LD_RUNPATH_SEARCH_PATHS = "$(inherited) @executable_path/Frameworks @loader_path/Frameworks";
				PRODUCT_BUNDLE_IDENTIFIER = "com.icarbonx.A-CategoryUITests";
				PRODUCT_NAME = "$(TARGET_NAME)";
				TARGETED_DEVICE_FAMILY = "1,2";
				TEST_TARGET_NAME = A_Category;
			};
			name = Release;
		};
/* End XCBuildConfiguration section */

/* Begin XCConfigurationList section */
		3F800164205B5585003725F3 /* Build configuration list for PBXProject "A_Category" */ = {
			isa = XCConfigurationList;
			buildConfigurations = (
				3F800193205B5586003725F3 /* Debug */,
				3F800194205B5586003725F3 /* Release */,
			);
			defaultConfigurationIsVisible = 0;
			defaultConfigurationName = Release;
		};
		3F800195205B5586003725F3 /* Build configuration list for PBXNativeTarget "A_Category" */ = {
			isa = XCConfigurationList;
			buildConfigurations = (
				3F800196205B5586003725F3 /* Debug */,
				3F800197205B5586003725F3 /* Release */,
			);
			defaultConfigurationIsVisible = 0;
			defaultConfigurationName = Release;
		};
		3F800198205B5586003725F3 /* Build configuration list for PBXNativeTarget "A_CategoryTests" */ = {
			isa = XCConfigurationList;
			buildConfigurations = (
				3F800199205B5586003725F3 /* Debug */,
				3F80019A205B5586003725F3 /* Release */,
			);
			defaultConfigurationIsVisible = 0;
			defaultConfigurationName = Release;
		};
		3F80019B205B5586003725F3 /* Build configuration list for PBXNativeTarget "A_CategoryUITests" */ = {
			isa = XCConfigurationList;
			buildConfigurations = (
				3F80019C205B5586003725F3 /* Debug */,
				3F80019D205B5586003725F3 /* Release */,
			);
			defaultConfigurationIsVisible = 0;
			defaultConfigurationName = Release;
		};
/* End XCConfigurationList section */
	};
	rootObject = 3F800161205B5585003725F3 /* Project object */;
}
